
Microsoft Visual Studio Solution File, Format Version 12.00
# Visual Studio Version 17
VisualStudioVersion = 17.14.35806.103
MinimumVisualStudioVersion = 10.0.40219.1
Project("{FAE04EC0-301F-11D3-BF4B-00C04F79EFBC}") = "StandaredAPI", "StandaredAPI\StandaredAPI.csproj", "{CD6E7A1A-1B91-441E-9505-A9730180FA45}"
EndProject
Project("{FAE04EC0-301F-11D3-BF4B-00C04F79EFBC}") = "SwaggerAPI", "SwaggerAPI\SwaggerAPI.csproj", "{F91FBB02-2649-4C23-92FD-2BDAB61DCD26}"
EndProject
Project("{FAE04EC0-301F-11D3-BF4B-00C04F79EFBC}") = "ReDocDemo", "ReDocDemo\ReDocDemo.csproj", "{4F1A3E0D-C678-4BD6-B529-2EE155C7F358}"
EndProject
Project("{FAE04EC0-301F-11D3-BF4B-00C04F79EFBC}") = "NSwaggerDemo", "NSwaggerDemo\NSwaggerDemo.csproj", "{56A87658-004E-42ED-BCDF-409EDC2A71DF}"
EndProject
Project("{FAE04EC0-301F-11D3-BF4B-00C04F79EFBC}") = "ScalerDemo", "ScalerDemo\ScalerDemo.csproj", "{BE1D96E0-9AC0-4137-BF53-C96FF86FA5FA}"
EndProject
Project("{2150E333-8FDC-42A3-9474-1A3956D46DE8}") = "Solution Items", "Solution Items", "{8EC462FD-D22E-90A8-E5CE-7E832BA40C5D}"
	ProjectSection(SolutionItems) = preProject
		.gitignore = .gitignore
	EndProjectSection
EndProject
Project("{FAE04EC0-301F-11D3-BF4B-00C04F79EFBC}") = "ModernAPIDoc_Scalar", "ModernAPIDoc_Scalar\ModernAPIDoc_Scalar.csproj", "{E3D3F003-8825-4EEC-94FC-5B33CAE4D8C7}"
EndProject
Global
	GlobalSection(SolutionConfigurationPlatforms) = preSolution
		Debug|Any CPU = Debug|Any CPU
		Release|Any CPU = Release|Any CPU
	EndGlobalSection
	GlobalSection(ProjectConfigurationPlatforms) = postSolution
		{CD6E7A1A-1B91-441E-9505-A9730180FA45}.Debug|Any CPU.ActiveCfg = Debug|Any CPU
		{CD6E7A1A-1B91-441E-9505-A9730180FA45}.Debug|Any CPU.Build.0 = Debug|Any CPU
		{CD6E7A1A-1B91-441E-9505-A9730180FA45}.Release|Any CPU.ActiveCfg = Release|Any CPU
		{CD6E7A1A-1B91-441E-9505-A9730180FA45}.Release|Any CPU.Build.0 = Release|Any CPU
		{F91FBB02-2649-4C23-92FD-2BDAB61DCD26}.Debug|Any CPU.ActiveCfg = Debug|Any CPU
		{F91FBB02-2649-4C23-92FD-2BDAB61DCD26}.Debug|Any CPU.Build.0 = Debug|Any CPU
		{F91FBB02-2649-4C23-92FD-2BDAB61DCD26}.Release|Any CPU.ActiveCfg = Release|Any CPU
		{F91FBB02-2649-4C23-92FD-2BDAB61DCD26}.Release|Any CPU.Build.0 = Release|Any CPU
		{4F1A3E0D-C678-4BD6-B529-2EE155C7F358}.Debug|Any CPU.ActiveCfg = Debug|Any CPU
		{4F1A3E0D-C678-4BD6-B529-2EE155C7F358}.Debug|Any CPU.Build.0 = Debug|Any CPU
		{4F1A3E0D-C678-4BD6-B529-2EE155C7F358}.Release|Any CPU.ActiveCfg = Release|Any CPU
		{4F1A3E0D-C678-4BD6-B529-2EE155C7F358}.Release|Any CPU.Build.0 = Release|Any CPU
		{56A87658-004E-42ED-BCDF-409EDC2A71DF}.Debug|Any CPU.ActiveCfg = Debug|Any CPU
		{56A87658-004E-42ED-BCDF-409EDC2A71DF}.Debug|Any CPU.Build.0 = Debug|Any CPU
		{56A87658-004E-42ED-BCDF-409EDC2A71DF}.Release|Any CPU.ActiveCfg = Release|Any CPU
		{56A87658-004E-42ED-BCDF-409EDC2A71DF}.Release|Any CPU.Build.0 = Release|Any CPU
		{BE1D96E0-9AC0-4137-BF53-C96FF86FA5FA}.Debug|Any CPU.ActiveCfg = Debug|Any CPU
		{BE1D96E0-9AC0-4137-BF53-C96FF86FA5FA}.Debug|Any CPU.Build.0 = Debug|Any CPU
		{BE1D96E0-9AC0-4137-BF53-C96FF86FA5FA}.Release|Any CPU.ActiveCfg = Release|Any CPU
		{BE1D96E0-9AC0-4137-BF53-C96FF86FA5FA}.Release|Any CPU.Build.0 = Release|Any CPU
		{E3D3F003-8825-4EEC-94FC-5B33CAE4D8C7}.Debug|Any CPU.ActiveCfg = Debug|Any CPU
		{E3D3F003-8825-4EEC-94FC-5B33CAE4D8C7}.Debug|Any CPU.Build.0 = Debug|Any CPU
		{E3D3F003-8825-4EEC-94FC-5B33CAE4D8C7}.Release|Any CPU.ActiveCfg = Release|Any CPU
		{E3D3F003-8825-4EEC-94FC-5B33CAE4D8C7}.Release|Any CPU.Build.0 = Release|Any CPU
	EndGlobalSection
	GlobalSection(SolutionProperties) = preSolution
		HideSolutionNode = FALSE
	EndGlobalSection
	GlobalSection(ExtensibilityGlobals) = postSolution
		SolutionGuid = {A58B07B5-795D-4194-940A-E333000FA180}
	EndGlobalSection
EndGlobal
